<Solution>
  <Folder Name="/samples/">
    <Project Path="samples/SampleWebApi/SampleWebApi.csproj" />
  </Folder>
  <Folder Name="/src/">
    <Project Path="src/AzurePostgresFlexibleAutoSleep/AzurePostgresFlexibleAutoSleep.csproj" />
  </Folder>
  <Folder Name="/tests/">
    <Project Path="tests/AzurePostgresFlexibleAutoSleep.Tests/AzurePostgresFlexibleAutoSleep.Tests.csproj" />
  </Folder>
</Solution>
